PODS:
  - Base64 (1.1.2)
  - Expecta (1.0.6)
  - JWT (3.0.0-beta.3):
    - Base64 (~> 1.1.2)
  - SealdSdk (0.1.0-beta.49387)
  - Specta (2.0.0)

DEPENDENCIES:
  - Expecta
  - JWT (= 3.0.0-beta.3)
  - SealdSdk (= 0.1.0-beta.49387)
  - Specta

SPEC REPOS:
  trunk:
    - Base64
    - Expecta
    - JWT
    - SealdSdk
    - Specta

SPEC CHECKSUMS:
  Base64: cecfb41a004124895a7bcee567a89bae5a89d49b
  Expecta: 3b6bd90a64b9a1dcb0b70aa0e10a7f8f631667d5
  JWT: a2e44b0d2273e28ae68cec30e95d3d460c76c298
  SealdSdk: eb3be7a01f97c37c91752895834149d488551d8c
  Specta: b79d84043684b35ffdc2680df578dc318ec2efc2

PODFILE CHECKSUM: 5a390d3cd158f39366870d5f76603d09d3da46e1

COCOAPODS: 1.11.3
